hash: 8c67795b21f76f5cd8944a80324a3f1858f13646dbe28db3f903d50b8eca7ccf
updated: 2018-04-03T20:20:55.2245+09:00
imports:
- name: github.com/golang/snappy
  version: 553a641470496b2327abcac10b36396bd98e45c9
- name: github.com/it-chain/leveldb-wrapper
  version: 3ece449cc1f7b3b934d322e39543485021dabbf0
  subpackages:
  - key_value_db
- name: github.com/stretchr/testify
  version: 12b6f73e6084dad08a7c6e575284b177ecafbc71
  subpackages:
  - assert
- name: github.com/syndtr/goleveldb
  version: 714f901b98fdb3aa954b4193d8cbd64a28d80cad
  subpackages:
  - leveldb
  - leveldb/cache
  - leveldb/comparer
  - leveldb/errors
  - leveldb/filter
  - leveldb/iterator
  - leveldb/journal
  - leveldb/memdb
  - leveldb/opt
  - leveldb/storage
  - leveldb/table
  - leveldb/util
testImports:
- name: github.com/davecgh/go-spew
  version: 8991bc29aa16c548c550c7ff78260e27b9ab7c73
  subpackages:
  - spew
- name: github.com/pmezard/go-difflib
  version: 792786c7400a136282c1664665ae0a8db921c6c2
  subpackages:
  - difflib
