hash: 55b980f10b7864082c08346bf40d093c9dd9ddac70f709ca4aa5e4b83022478f
updated: 2018-03-31T12:39:42.498467+09:00
imports:
- name: github.com/golang/snappy
  version: 553a641470496b2327abcac10b36396bd98e45c9
- name: github.com/it-chain/leveldb-wrapper
  version: eea2a1f59356862065df98eaedfc0f62edda0c15
- name: github.com/stretchr/testify
  version: 12b6f73e6084dad08a7c6e575284b177ecafbc71
- name: github.com/syndtr/goleveldb
  version: 714f901b98fdb3aa954b4193d8cbd64a28d80cad
  subpackages:
  - leveldb
  - leveldb/cache
  - leveldb/comparer
  - leveldb/errors
  - leveldb/filter
  - leveldb/iterator
  - leveldb/journal
  - leveldb/memdb
  - leveldb/opt
  - leveldb/storage
  - leveldb/table
  - leveldb/util
testImports: []
